{
  "pins" : [
    {
      "identity" : "snapkit",
      "kind" : "remoteSourceControl",
      "location" : "https://github.com/SnapKit/SnapKit",
      "state" : {
        "revision" : "f222cbdf325885926566172f6f5f06af95473158",
        "version" : "5.6.0"
      }
    },
    {
      "identity" : "walkit",
      "kind" : "remoteSourceControl",
      "location" : "https://github.com/zanzanbari/WALKit.git",
      "state" : {
        "branch" : "develop",
        "revision" : "d8490e4e4c6c6c54dd821bb02741e48ee3923019"
      }
    }
  ],
  "version" : 2
}
