{
  "object": {
    "pins": [
      {
        "package": "SnapKit",
        "repositoryURL": "https://github.com/SnapKit/SnapKit",
        "state": {
          "branch": null,
          "revision": "f222cbdf325885926566172f6f5f06af95473158",
          "version": "5.6.0"
        }
      },
      {
        "package": "WALKit",
        "repositoryURL": "https://github.com/zanzanbari/WALKit.git",
        "state": {
          "branch": "develop",
          "revision": "8520711a5442393caf75b78eefe2ee58740ce47e",
          "version": null
        }
      }
    ]
  },
  "version": 1
}
