{
  "pins" : [
    {
      "identity" : "snapkit",
      "kind" : "remoteSourceControl",
      "location" : "https://github.com/SnapKit/SnapKit",
      "state" : {
        "revision" : "f222cbdf325885926566172f6f5f06af95473158",
        "version" : "5.6.0"
      }
    },
    {
      "identity" : "walkit",
      "kind" : "remoteSourceControl",
      "location" : "https://github.com/zanzanbari/WALKit.git",
      "state" : {
        "branch" : "develop",
        "revision" : "2e5c56fce0c18a0f223872805c17e0c4bc8bc0a9"
      }
    }
  ],
  "version" : 2
}
